{
  "nodes": {
    "fenix": {
      "inputs": {
        "nixpkgs": [
          "nixpkgs"
        ],
        "rust-analyzer-src": "rust-analyzer-src"
      },
      "locked": {
        "lastModified": 1759991958,
        "narHash": "sha256-OtGPB1TeRCY6+tWArGi5B+ojcVwR5BZUsHSpS69H9U8=",
        "owner": "nix-community",
        "repo": "fenix",
        "rev": "d771abc0cf455e53278c07bc91377dc2804df8fc",
        "type": "github"
      },
      "original": {
        "owner": "nix-community",
        "repo": "fenix",
        "type": "github"
      }
    },
    "nixpkgs": {
      "locked": {
        "lastModified": 1759917807,
        "narHash": "sha256-WoSazth5EXIJmveWf0zbTMycrgpbLYOth6KhmltMuv0=",
        "owner": "nixos",
        "repo": "nixpkgs",
        "rev": "fb5cf53218b987f2703a5bbc292a030c0fe33443",
        "type": "github"
      },
      "original": {
        "owner": "nixos",
        "ref": "nixpkgs-unstable",
        "repo": "nixpkgs",
        "type": "github"
      }
    },
    "root": {
      "inputs": {
        "fenix": "fenix",
        "nixpkgs": "nixpkgs"
      }
    },
    "rust-analyzer-src": {
      "flake": false,
      "locked": {
        "lastModified": 1759966831,
        "narHash": "sha256-4B8MMaVQo3QdPPEeIZ6lkrqkfY6cIeuOw56C2InuRDk=",
        "owner": "rust-lang",
        "repo": "rust-analyzer",
        "rev": "1941dfe8e2815f233a88313d2a4a1f8a41e0e97f",
        "type": "github"
      },
      "original": {
        "owner": "rust-lang",
        "ref": "nightly",
        "repo": "rust-analyzer",
        "type": "github"
      }
    }
  },
  "root": "root",
  "version": 7
}
